{
  "name": "lensing",
  "version": "1.0.0",
  "lockfileVersion": 1,
  "requires": true,
  "dependencies": {
    "openseadragon": {
      "version": "2.4.2",
      "resolved": "https://registry.npmjs.org/openseadragon/-/openseadragon-2.4.2.tgz",
      "integrity": "sha512-398KbZwRtOYA6OmeWRY4Q0737NTacQ9Q6whmr9Lp1MNQO3p0eBz5LIASRne+4gwequcSM1vcHcjfy3dIndQziw=="
    }
  }
}
